{
  "version": 4,
  "terraform_version": "1.4.6",
  "serial": 3,
  "lineage": "09808d98-5aef-090b-8c40-6ae9bd6bd906",
  "outputs": {},
  "resources": [
    {
      "mode": "managed",
      "type": "aws_resourcegroups_group",
      "name": "test",
      "provider": "provider[\"registry.terraform.io/hashicorp/aws\"]",
      "instances": [
        {
          "schema_version": 0,
          "attributes": {
            "arn": "arn:aws:resource-groups:us-east-1:393623701726:group/test-group",
            "configuration": [],
            "description": "",
            "id": "test-group",
            "name": "test-group",
            "resource_query": [
              {
                "query": "{\r\n  \"ResourceTypeFilters\": [\r\n    \"AWS::EC2::Instance\"\r\n  ],\r\n  \"TagFilters\": [\r\n    {\r\n      \"Key\": \"Stage\",\r\n      \"Values\": [\"Test\"]\r\n    }\r\n  ]\r\n}\r\n",
                "type": "TAG_FILTERS_1_0"
              }
            ],
            "tags": null,
            "tags_all": {},
            "timeouts": null
          },
          "sensitive_attributes": [],
          "private": "eyJlMmJmYjczMC1lY2FhLTExZTYtOGY4OC0zNDM2M2JjN2M0YzAiOnsiY3JlYXRlIjo5MDAwMDAwMDAwMDAsInVwZGF0ZSI6OTAwMDAwMDAwMDAwfX0="
        }
      ]
    }
  ],
  "check_results": null
}
